
Microsoft Visual Studio Solution File, Format Version 12.00
# Visual Studio 15
VisualStudioVersion = 15.0.28307.106
MinimumVisualStudioVersion = 10.0.40219.1
Project("{FAE04EC0-301F-11D3-BF4B-00C04F79EFBC}") = "MyLogbook.MVCWebApp", "MyLogbook.MVCWebApp\MyLogbook.MVCWebApp.csproj", "{E9221EDA-25D4-4D8B-8F23-68775844355D}"
EndProject
Project("{FAE04EC0-301F-11D3-BF4B-00C04F79EFBC}") = "MyLogbook.Entities", "MyLogbook.Entities\MyLogbook.Entities.csproj", "{E60B0F31-E5B6-4DDD-BB29-17DC10112A92}"
EndProject
Project("{FAE04EC0-301F-11D3-BF4B-00C04F79EFBC}") = "MyLogbook.AppContext", "MyLogbook.AppContext\MyLogbook.AppContext.csproj", "{A574D187-54F5-44C7-9CB4-D39FBF1A7920}"
EndProject
Project("{FAE04EC0-301F-11D3-BF4B-00C04F79EFBC}") = "MyLogbook.Abstractions", "MyLogbook.Abstractions\MyLogbook.Abstractions.csproj", "{1176B6D0-DBBA-4894-B808-56C70071436C}"
EndProject
Project("{FAE04EC0-301F-11D3-BF4B-00C04F79EFBC}") = "MyLogbook.BLL", "MyLogbook.BLL\MyLogbook.BLL.csproj", "{7EA94FCD-F86C-4700-9ABB-EAF24A1E32A2}"
EndProject
Project("{FAE04EC0-301F-11D3-BF4B-00C04F79EFBC}") = "MyLogbook.Repositories", "MyLogbook.Repositories\MyLogbook.Repositories.csproj", "{805FBCDC-CE9F-48F0-A3C0-C8604D1AA806}"
EndProject
Project("{2150E333-8FDC-42A3-9474-1A3956D46DE8}") = "Domain", "Domain", "{80C59192-1D72-42FF-9008-022D2E5C4B90}"
EndProject
Project("{2150E333-8FDC-42A3-9474-1A3956D46DE8}") = "BLL", "BLL", "{08D8D85F-A690-40C5-8F00-737CB42BB295}"
EndProject
Global
	GlobalSection(SolutionConfigurationPlatforms) = preSolution
		Debug|Any CPU = Debug|Any CPU
		Release|Any CPU = Release|Any CPU
	EndGlobalSection
	GlobalSection(ProjectConfigurationPlatforms) = postSolution
		{E9221EDA-25D4-4D8B-8F23-68775844355D}.Debug|Any CPU.ActiveCfg = Debug|Any CPU
		{E9221EDA-25D4-4D8B-8F23-68775844355D}.Debug|Any CPU.Build.0 = Debug|Any CPU
		{E9221EDA-25D4-4D8B-8F23-68775844355D}.Release|Any CPU.ActiveCfg = Release|Any CPU
		{E9221EDA-25D4-4D8B-8F23-68775844355D}.Release|Any CPU.Build.0 = Release|Any CPU
		{E60B0F31-E5B6-4DDD-BB29-17DC10112A92}.Debug|Any CPU.ActiveCfg = Debug|Any CPU
		{E60B0F31-E5B6-4DDD-BB29-17DC10112A92}.Debug|Any CPU.Build.0 = Debug|Any CPU
		{E60B0F31-E5B6-4DDD-BB29-17DC10112A92}.Release|Any CPU.ActiveCfg = Release|Any CPU
		{E60B0F31-E5B6-4DDD-BB29-17DC10112A92}.Release|Any CPU.Build.0 = Release|Any CPU
		{A574D187-54F5-44C7-9CB4-D39FBF1A7920}.Debug|Any CPU.ActiveCfg = Debug|Any CPU
		{A574D187-54F5-44C7-9CB4-D39FBF1A7920}.Debug|Any CPU.Build.0 = Debug|Any CPU
		{A574D187-54F5-44C7-9CB4-D39FBF1A7920}.Release|Any CPU.ActiveCfg = Release|Any CPU
		{A574D187-54F5-44C7-9CB4-D39FBF1A7920}.Release|Any CPU.Build.0 = Release|Any CPU
		{1176B6D0-DBBA-4894-B808-56C70071436C}.Debug|Any CPU.ActiveCfg = Debug|Any CPU
		{1176B6D0-DBBA-4894-B808-56C70071436C}.Debug|Any CPU.Build.0 = Debug|Any CPU
		{1176B6D0-DBBA-4894-B808-56C70071436C}.Release|Any CPU.ActiveCfg = Release|Any CPU
		{1176B6D0-DBBA-4894-B808-56C70071436C}.Release|Any CPU.Build.0 = Release|Any CPU
		{7EA94FCD-F86C-4700-9ABB-EAF24A1E32A2}.Debug|Any CPU.ActiveCfg = Debug|Any CPU
		{7EA94FCD-F86C-4700-9ABB-EAF24A1E32A2}.Debug|Any CPU.Build.0 = Debug|Any CPU
		{7EA94FCD-F86C-4700-9ABB-EAF24A1E32A2}.Release|Any CPU.ActiveCfg = Release|Any CPU
		{7EA94FCD-F86C-4700-9ABB-EAF24A1E32A2}.Release|Any CPU.Build.0 = Release|Any CPU
		{805FBCDC-CE9F-48F0-A3C0-C8604D1AA806}.Debug|Any CPU.ActiveCfg = Debug|Any CPU
		{805FBCDC-CE9F-48F0-A3C0-C8604D1AA806}.Debug|Any CPU.Build.0 = Debug|Any CPU
		{805FBCDC-CE9F-48F0-A3C0-C8604D1AA806}.Release|Any CPU.ActiveCfg = Release|Any CPU
		{805FBCDC-CE9F-48F0-A3C0-C8604D1AA806}.Release|Any CPU.Build.0 = Release|Any CPU
	EndGlobalSection
	GlobalSection(SolutionProperties) = preSolution
		HideSolutionNode = FALSE
	EndGlobalSection
	GlobalSection(NestedProjects) = preSolution
		{E60B0F31-E5B6-4DDD-BB29-17DC10112A92} = {80C59192-1D72-42FF-9008-022D2E5C4B90}
		{A574D187-54F5-44C7-9CB4-D39FBF1A7920} = {80C59192-1D72-42FF-9008-022D2E5C4B90}
		{1176B6D0-DBBA-4894-B808-56C70071436C} = {80C59192-1D72-42FF-9008-022D2E5C4B90}
		{7EA94FCD-F86C-4700-9ABB-EAF24A1E32A2} = {08D8D85F-A690-40C5-8F00-737CB42BB295}
		{805FBCDC-CE9F-48F0-A3C0-C8604D1AA806} = {80C59192-1D72-42FF-9008-022D2E5C4B90}
	EndGlobalSection
	GlobalSection(ExtensibilityGlobals) = postSolution
		SolutionGuid = {8DE7D67B-D1E9-41A0-8DCC-C09C7EDCE844}
	EndGlobalSection
EndGlobal
